PODS:
  - AFNetworking (2.6.3):
    - AFNetworking/NSURLConnection (= 2.6.3)
    - AFNetworking/NSURLSession (= 2.6.3)
    - AFNetworking/Reachability (= 2.6.3)
    - AFNetworking/Security (= 2.6.3)
    - AFNetworking/Serialization (= 2.6.3)
    - AFNetworking/UIKit (= 2.6.3)
  - AFNetworking/NSURLConnection (2.6.3):
    - AFNetworking/Reachability
    - AFNetworking/Security
    - AFNetworking/Serialization
  - AFNetworking/NSURLSession (2.6.3):
    - AFNetworking/Reachability
    - AFNetworking/Security
    - AFNetworking/Serialization
  - AFNetworking/Reachability (2.6.3)
  - AFNetworking/Security (2.6.3)
  - AFNetworking/Serialization (2.6.3)
  - AFNetworking/UIKit (2.6.3):
    - AFNetworking/NSURLConnection
    - AFNetworking/NSURLSession
  - GPUImage (0.1.7)
  - HappyDNS (0.2.3)
  - HexColors (2.2.1)
  - IconFont (1.0.2)
  - iOS-QR-Code-Encoder (0.0.1)
  - KLCPopup (1.0)
  - MBProgressHUD (0.9.2)
  - MTBBarcodeScanner (1.8.5)
  - Qiniu (7.0.17):
    - AFNetworking (~> 2.0)
    - HappyDNS (~> 0.2)
  - QiniuUpload (1.5):
    - AFNetworking (>= 2.0)
  - RDVTabBarController (1.1.9)
  - Reveal-iOS-SDK (1.6.2)
  - Routable (0.1.1)
  - SDWebImage (3.7.5):
    - SDWebImage/Core (= 3.7.5)
  - SDWebImage/Core (3.7.5)
  - UMengSocial (5.0)
  - WCAlertView (1.0.1)

DEPENDENCIES:
  - GPUImage (~> 0.1.7)
  - HexColors (~> 2.2.1)
  - IconFont (~> 1.0.2)
  - iOS-QR-Code-Encoder
  - KLCPopup (~> 1.0)
  - MBProgressHUD (~> 0.9.1)
  - MTBBarcodeScanner (= 1.8.5)
  - Qiniu (~> 7.0)
  - QiniuUpload
  - RDVTabBarController (~> 1.1.9)
  - Reveal-iOS-SDK
  - Routable (~> 0.1.1)
  - SDWebImage (~> 3.7.5)
  - UMengSocial (~> 5.0)
  - WCAlertView (~> 1.0.1)

SPEC CHECKSUMS:
  AFNetworking: cb8d14a848e831097108418f5d49217339d4eb60
  GPUImage: 733a5f0fab92df9de1c37ba9df520a833ccb406d
  HappyDNS: 6d85942e64c28b4fa61f8c76580398f52d6d1d11
  HexColors: abfd172e329dab59888614ccba6f216cec59289d
  IconFont: 97ff724bc6d26aac018678a2da4f8542600e5a67
  iOS-QR-Code-Encoder: 5aef73d5d6ecdb2031ced14e0e6eadfb8c637514
  KLCPopup: 76c5a19227977f1e53d85236f9ef42257c168d98
  MBProgressHUD: 1569cf7ace17a8bac47aabfbb8580a49690386d1
  MTBBarcodeScanner: 0135798eb63d97f1f42baca61b52f8ad18a71212
  Qiniu: 2c05af1f9d580c036b18faf832cc98e98bfb21bc
  QiniuUpload: 723b717cff1ac94cbaa36f1276172185dfdde2c7
  RDVTabBarController: 67794f7a7a37f8e32f046f85ac67d06ab92d624a
  Reveal-iOS-SDK: e2250b3c155bcfac53ae223ddc1f76d08f206c33
  Routable: 42731c7757b9b7ad32dd84d988b3d5428b966dfd
  SDWebImage: 69c6303e3348fba97e03f65d65d4fbc26740f461
  UMengSocial: 48b67179c492a8cf7803fbb0438b8f55432e2fc1
  WCAlertView: 36a1d087d0b3eb7f6ce3dae623fbb474f26f2beb

COCOAPODS: 0.39.0
